
Microsoft Visual Studio Solution File, Format Version 12.00
# Visual Studio 2013
VisualStudioVersion = 12.0.30501.0
MinimumVisualStudioVersion = 10.0.40219.1
Project("{FAE04EC0-301F-11D3-BF4B-00C04F79EFBC}") = "DAL", "..\DAL\DAL\DAL.csproj", "{4921ABAA-80DB-4EB5-B25D-A57F647DD085}"
EndProject
Project("{FAE04EC0-301F-11D3-BF4B-00C04F79EFBC}") = "BLL", "BLL\BLL.csproj", "{33EA2915-AC01-45A3-9E2D-490BAE551293}"
EndProject
Global
	GlobalSection(SolutionConfigurationPlatforms) = preSolution
		Debug|Any CPU = Debug|Any CPU
		Release|Any CPU = Release|Any CPU
	EndGlobalSection
	GlobalSection(ProjectConfigurationPlatforms) = postSolution
		{4921ABAA-80DB-4EB5-B25D-A57F647DD085}.Debug|Any CPU.ActiveCfg = Debug|Any CPU
		{4921ABAA-80DB-4EB5-B25D-A57F647DD085}.Debug|Any CPU.Build.0 = Debug|Any CPU
		{4921ABAA-80DB-4EB5-B25D-A57F647DD085}.Release|Any CPU.ActiveCfg = Release|Any CPU
		{4921ABAA-80DB-4EB5-B25D-A57F647DD085}.Release|Any CPU.Build.0 = Release|Any CPU
		{33EA2915-AC01-45A3-9E2D-490BAE551293}.Debug|Any CPU.ActiveCfg = Debug|Any CPU
		{33EA2915-AC01-45A3-9E2D-490BAE551293}.Debug|Any CPU.Build.0 = Debug|Any CPU
		{33EA2915-AC01-45A3-9E2D-490BAE551293}.Release|Any CPU.ActiveCfg = Release|Any CPU
		{33EA2915-AC01-45A3-9E2D-490BAE551293}.Release|Any CPU.Build.0 = Release|Any CPU
	EndGlobalSection
	GlobalSection(SolutionProperties) = preSolution
		HideSolutionNode = FALSE
	EndGlobalSection
EndGlobal
