
Microsoft Visual Studio Solution File, Format Version 12.00
# Visual Studio 2013
VisualStudioVersion = 12.0.30501.0
MinimumVisualStudioVersion = 10.0.40219.1
Project("{FAE04EC0-301F-11D3-BF4B-00C04F79EFBC}") = "PhoneAppTest", "PhoneAppTest\PhoneAppTest.csproj", "{60062ABB-2B29-4ED2-9DD9-37209E9BEBC9}"
	ProjectSection(ProjectDependencies) = postProject
		{0E4A6688-1687-4E30-9B44-DE9B45EF3BE3} = {0E4A6688-1687-4E30-9B44-DE9B45EF3BE3}
	EndProjectSection
EndProject
Project("{FAE04EC0-301F-11D3-BF4B-00C04F79EFBC}") = "WcfServiceSmartVigi", "..\SmartVigilance\WcfServiceSmartVigi\WcfServiceSmartVigi.csproj", "{0E4A6688-1687-4E30-9B44-DE9B45EF3BE3}"
EndProject
Global
	GlobalSection(SolutionConfigurationPlatforms) = preSolution
		Debug|Any CPU = Debug|Any CPU
		Debug|ARM = Debug|ARM
		Debug|x86 = Debug|x86
		Release|Any CPU = Release|Any CPU
		Release|ARM = Release|ARM
		Release|x86 = Release|x86
	EndGlobalSection
	GlobalSection(ProjectConfigurationPlatforms) = postSolution
		{60062ABB-2B29-4ED2-9DD9-37209E9BEBC9}.Debug|Any CPU.ActiveCfg = Debug|Any CPU
		{60062ABB-2B29-4ED2-9DD9-37209E9BEBC9}.Debug|Any CPU.Build.0 = Debug|Any CPU
		{60062ABB-2B29-4ED2-9DD9-37209E9BEBC9}.Debug|Any CPU.Deploy.0 = Debug|Any CPU
		{60062ABB-2B29-4ED2-9DD9-37209E9BEBC9}.Debug|ARM.ActiveCfg = Debug|ARM
		{60062ABB-2B29-4ED2-9DD9-37209E9BEBC9}.Debug|ARM.Build.0 = Debug|ARM
		{60062ABB-2B29-4ED2-9DD9-37209E9BEBC9}.Debug|ARM.Deploy.0 = Debug|ARM
		{60062ABB-2B29-4ED2-9DD9-37209E9BEBC9}.Debug|x86.ActiveCfg = Debug|x86
		{60062ABB-2B29-4ED2-9DD9-37209E9BEBC9}.Debug|x86.Build.0 = Debug|x86
		{60062ABB-2B29-4ED2-9DD9-37209E9BEBC9}.Debug|x86.Deploy.0 = Debug|x86
		{60062ABB-2B29-4ED2-9DD9-37209E9BEBC9}.Release|Any CPU.ActiveCfg = Release|Any CPU
		{60062ABB-2B29-4ED2-9DD9-37209E9BEBC9}.Release|Any CPU.Build.0 = Release|Any CPU
		{60062ABB-2B29-4ED2-9DD9-37209E9BEBC9}.Release|Any CPU.Deploy.0 = Release|Any CPU
		{60062ABB-2B29-4ED2-9DD9-37209E9BEBC9}.Release|ARM.ActiveCfg = Release|ARM
		{60062ABB-2B29-4ED2-9DD9-37209E9BEBC9}.Release|ARM.Build.0 = Release|ARM
		{60062ABB-2B29-4ED2-9DD9-37209E9BEBC9}.Release|ARM.Deploy.0 = Release|ARM
		{60062ABB-2B29-4ED2-9DD9-37209E9BEBC9}.Release|x86.ActiveCfg = Release|x86
		{60062ABB-2B29-4ED2-9DD9-37209E9BEBC9}.Release|x86.Build.0 = Release|x86
		{60062ABB-2B29-4ED2-9DD9-37209E9BEBC9}.Release|x86.Deploy.0 = Release|x86
		{0E4A6688-1687-4E30-9B44-DE9B45EF3BE3}.Debug|Any CPU.ActiveCfg = Debug|Any CPU
		{0E4A6688-1687-4E30-9B44-DE9B45EF3BE3}.Debug|Any CPU.Build.0 = Debug|Any CPU
		{0E4A6688-1687-4E30-9B44-DE9B45EF3BE3}.Debug|ARM.ActiveCfg = Debug|Any CPU
		{0E4A6688-1687-4E30-9B44-DE9B45EF3BE3}.Debug|x86.ActiveCfg = Debug|Any CPU
		{0E4A6688-1687-4E30-9B44-DE9B45EF3BE3}.Release|Any CPU.ActiveCfg = Release|Any CPU
		{0E4A6688-1687-4E30-9B44-DE9B45EF3BE3}.Release|Any CPU.Build.0 = Release|Any CPU
		{0E4A6688-1687-4E30-9B44-DE9B45EF3BE3}.Release|ARM.ActiveCfg = Release|Any CPU
		{0E4A6688-1687-4E30-9B44-DE9B45EF3BE3}.Release|x86.ActiveCfg = Release|Any CPU
	EndGlobalSection
	GlobalSection(SolutionProperties) = preSolution
		HideSolutionNode = FALSE
	EndGlobalSection
EndGlobal
