
Microsoft Visual Studio Solution File, Format Version 12.00
# Visual Studio 2013
VisualStudioVersion = 12.0.30501.0
MinimumVisualStudioVersion = 10.0.40219.1
Project("{FAE04EC0-301F-11D3-BF4B-00C04F79EFBC}") = "WpfApplicationAdmin", "WpfApplicationAdmin\WpfApplicationAdmin.csproj", "{50BE2314-E2E1-4EDF-9152-9EBA337BC890}"
EndProject
Project("{FAE04EC0-301F-11D3-BF4B-00C04F79EFBC}") = "BLL", "..\ClassLibraryDALBLL\BLL\BLL.csproj", "{33EA2915-AC01-45A3-9E2D-490BAE551293}"
EndProject
Global
	GlobalSection(SolutionConfigurationPlatforms) = preSolution
		Debug|Any CPU = Debug|Any CPU
		Release|Any CPU = Release|Any CPU
	EndGlobalSection
	GlobalSection(ProjectConfigurationPlatforms) = postSolution
		{50BE2314-E2E1-4EDF-9152-9EBA337BC890}.Debug|Any CPU.ActiveCfg = Debug|Any CPU
		{50BE2314-E2E1-4EDF-9152-9EBA337BC890}.Debug|Any CPU.Build.0 = Debug|Any CPU
		{50BE2314-E2E1-4EDF-9152-9EBA337BC890}.Release|Any CPU.ActiveCfg = Release|Any CPU
		{50BE2314-E2E1-4EDF-9152-9EBA337BC890}.Release|Any CPU.Build.0 = Release|Any CPU
		{33EA2915-AC01-45A3-9E2D-490BAE551293}.Debug|Any CPU.ActiveCfg = Debug|Any CPU
		{33EA2915-AC01-45A3-9E2D-490BAE551293}.Debug|Any CPU.Build.0 = Debug|Any CPU
		{33EA2915-AC01-45A3-9E2D-490BAE551293}.Release|Any CPU.ActiveCfg = Release|Any CPU
		{33EA2915-AC01-45A3-9E2D-490BAE551293}.Release|Any CPU.Build.0 = Release|Any CPU
	EndGlobalSection
	GlobalSection(SolutionProperties) = preSolution
		HideSolutionNode = FALSE
	EndGlobalSection
EndGlobal
